// !$*UTF8*$!
{
    archiveVersion = 1;
    classes = {
    };
    objectVersion = 56;
    objects = {

/* Begin PBXBuildFile section */
        800000000000000000000001 /* OptionAnalyzerApp.swift in Sources */ = {isa = PBXBuildFile; fileRef = 700000000000000000000003 /* OptionAnalyzerApp.swift */; };
        800000000000000000000002 /* Models.swift in Sources */ = {isa = PBXBuildFile; fileRef = 700000000000000000000004 /* Models.swift */; };
        800000000000000000000003 /* OptionAnalyzerAPIClient.swift in Sources */ = {isa = PBXBuildFile; fileRef = 700000000000000000000005 /* OptionAnalyzerAPIClient.swift */; };
        800000000000000000000004 /* ContentView.swift in Sources */ = {isa = PBXBuildFile; fileRef = 700000000000000000000006 /* ContentView.swift */; };
        800000000000000000000005 /* MTFRow.swift in Sources */ = {isa = PBXBuildFile; fileRef = 700000000000000000000007 /* MTFRow.swift */; };
        800000000000000000000006 /* StageCard.swift in Sources */ = {isa = PBXBuildFile; fileRef = 700000000000000000000008 /* StageCard.swift */; };
/* End PBXBuildFile section */

/* Begin PBXFileReference section */
        700000000000000000000001 /* OptionAnalyzer.app */ = {isa = PBXFileReference; explicitFileType = wrapper.application; includeInIndex = 0; path = OptionAnalyzer.app; sourceTree = BUILT_PRODUCTS_DIR; };
        700000000000000000000002 /* Info.plist */ = {isa = PBXFileReference; fileEncoding = 4; lastKnownFileType = text.plist.xml; path = Info.plist; sourceTree = SOURCE_ROOT; };
        700000000000000000000003 /* OptionAnalyzerApp.swift */ = {isa = PBXFileReference; fileEncoding = 4; lastKnownFileType = sourcecode.swift; path = OptionAnalyzerApp.swift; sourceTree = SOURCE_ROOT; };
        700000000000000000000004 /* Models.swift */ = {isa = PBXFileReference; fileEncoding = 4; lastKnownFileType = sourcecode.swift; path = Models.swift; sourceTree = SOURCE_ROOT; };
        700000000000000000000005 /* OptionAnalyzerAPIClient.swift */ = {isa = PBXFileReference; fileEncoding = 4; lastKnownFileType = sourcecode.swift; path = OptionAnalyzerAPIClient.swift; sourceTree = SOURCE_ROOT; };
        700000000000000000000006 /* ContentView.swift */ = {isa = PBXFileReference; fileEncoding = 4; lastKnownFileType = sourcecode.swift; path = ContentView.swift; sourceTree = SOURCE_ROOT; };
        700000000000000000000007 /* MTFRow.swift */ = {isa = PBXFileReference; fileEncoding = 4; lastKnownFileType = sourcecode.swift; path = MTFRow.swift; sourceTree = SOURCE_ROOT; };
        700000000000000000000008 /* StageCard.swift */ = {isa = PBXFileReference; fileEncoding = 4; lastKnownFileType = sourcecode.swift; path = StageCard.swift; sourceTree = SOURCE_ROOT; };
/* End PBXFileReference section */

/* Begin PBXFrameworksBuildPhase section */
/* End PBXFrameworksBuildPhase section */

/* Begin PBXGroup section */
        600000000000000000000001 = {isa = PBXGroup; children = (
                700000000000000000000003 /* OptionAnalyzerApp.swift */,
                600000000000000000000002 /* API */,
                600000000000000000000003 /* Views */,
                700000000000000000000002 /* Info.plist */,
                600000000000000000000004 /* Products */,
        ); sourceTree = SOURCE_ROOT; };
        600000000000000000000002 = {isa = PBXGroup; children = (
                700000000000000000000004 /* Models.swift */,
                700000000000000000000005 /* OptionAnalyzerAPIClient.swift */,
        ); path = API; sourceTree = SOURCE_ROOT; };
        600000000000000000000003 = {isa = PBXGroup; children = (
                700000000000000000000006 /* ContentView.swift */,
                700000000000000000000007 /* MTFRow.swift */,
                700000000000000000000008 /* StageCard.swift */,
        ); path = Views; sourceTree = SOURCE_ROOT; };
        600000000000000000000004 = {isa = PBXGroup; children = (
                700000000000000000000001 /* OptionAnalyzer.app */,
        ); name = Products; sourceTree = BUILT_PRODUCTS_DIR; };
/* End PBXGroup section */

/* Begin PBXNativeTarget section */
        500000000000000000000001 /* OptionAnalyzer */ = {isa = PBXNativeTarget; buildConfigurationList = 300000000000000000000001 /* Build configuration list for PBXNativeTarget OptionAnalyzer */; buildPhases = (900000000000000000000001 /* Sources */, 900000000000000000000002 /* Resources */,); buildRules = (); dependencies = (); name = OptionAnalyzer; productName = OptionAnalyzer; productReference = 700000000000000000000001 /* OptionAnalyzer.app */; productType = "com.apple.product-type.application"; };
/* End PBXNativeTarget section */

/* Begin PBXProject section */
        100000000000000000000001 /* Project object */ = {isa = PBXProject; attributes = {LastUpgradeCheck = 1600; TargetAttributes = {500000000000000000000001 = {CreatedOnToolsVersion = 16.0; }; }; }; buildConfigurationList = 200000000000000000000001 /* Build configuration list for PBXProject OptionAnalyzer */; compatibilityVersion = "Xcode 14.0"; developmentRegion = en; hasScannedForEncodings = 0; knownRegions = (en, Base,); mainGroup = 600000000000000000000001; productRefGroup = 600000000000000000000004; projectDirPath = ""; projectRoot = ""; targets = (500000000000000000000001 /* OptionAnalyzer */,); };
/* End PBXProject section */

/* Begin PBXResourcesBuildPhase section */
        900000000000000000000002 /* Resources */ = {isa = PBXResourcesBuildPhase; buildActionMask = 2147483647; files = (); runOnlyForDeploymentPostprocessing = 0; };
/* End PBXResourcesBuildPhase section */

/* Begin PBXSourcesBuildPhase section */
        900000000000000000000001 /* Sources */ = {isa = PBXSourcesBuildPhase; buildActionMask = 2147483647; files = (800000000000000000000001 /* OptionAnalyzerApp.swift in Sources */, 800000000000000000000002 /* Models.swift in Sources */, 800000000000000000000003 /* OptionAnalyzerAPIClient.swift in Sources */, 800000000000000000000004 /* ContentView.swift in Sources */, 800000000000000000000005 /* MTFRow.swift in Sources */, 800000000000000000000006 /* StageCard.swift in Sources */,); runOnlyForDeploymentPostprocessing = 0; };
/* End PBXSourcesBuildPhase section */

/* Begin XCBuildConfiguration section */
        400000000000000000000001 /* Debug */ = {isa = XCBuildConfiguration; buildSettings = {ALWAYS_SEARCH_USER_PATHS = NO; IPHONEOS_DEPLOYMENT_TARGET = 17.0; SDKROOT = iphoneos; SWIFT_VERSION = 5.0; SWIFT_OPTIMIZATION_LEVEL = "-Onone"; }; name = Debug; };
        400000000000000000000002 /* Release */ = {isa = XCBuildConfiguration; buildSettings = {ALWAYS_SEARCH_USER_PATHS = NO; IPHONEOS_DEPLOYMENT_TARGET = 17.0; SDKROOT = iphoneos; SWIFT_VERSION = 5.0; }; name = Release; };
        400000000000000000000003 /* Debug */ = {isa = XCBuildConfiguration; buildSettings = {ASSETCATALOG_COMPILER_APPICON_NAME = AppIcon; CURRENT_PROJECT_VERSION = 1; GENERATE_INFOPLIST_FILE = NO; INFOPLIST_FILE = Info.plist; IPHONEOS_DEPLOYMENT_TARGET = 17.0; MARKETING_VERSION = 46.5.24; PRODUCT_BUNDLE_IDENTIFIER = com.optionanalyzer.mobile; PRODUCT_NAME = "$(TARGET_NAME)"; SDKROOT = iphoneos; SWIFT_VERSION = 5.0; TARGETED_DEVICE_FAMILY = "1,2"; SWIFT_EMIT_LOC_STRINGS = YES; }; name = Debug; };
        400000000000000000000004 /* Release */ = {isa = XCBuildConfiguration; buildSettings = {ASSETCATALOG_COMPILER_APPICON_NAME = AppIcon; CURRENT_PROJECT_VERSION = 1; GENERATE_INFOPLIST_FILE = NO; INFOPLIST_FILE = Info.plist; IPHONEOS_DEPLOYMENT_TARGET = 17.0; MARKETING_VERSION = 46.5.24; PRODUCT_BUNDLE_IDENTIFIER = com.optionanalyzer.mobile; PRODUCT_NAME = "$(TARGET_NAME)"; SDKROOT = iphoneos; SWIFT_VERSION = 5.0; TARGETED_DEVICE_FAMILY = "1,2"; SWIFT_EMIT_LOC_STRINGS = YES; }; name = Release; };
/* End XCBuildConfiguration section */

/* Begin XCConfigurationList section */
        200000000000000000000001 /* Build configuration list for PBXProject OptionAnalyzer */ = {isa = XCConfigurationList; buildConfigurations = (400000000000000000000001 /* Debug */, 400000000000000000000002 /* Release */,); defaultConfigurationIsVisible = 0; defaultConfigurationName = Release; };
        300000000000000000000001 /* Build configuration list for PBXNativeTarget OptionAnalyzer */ = {isa = XCConfigurationList; buildConfigurations = (400000000000000000000003 /* Debug */, 400000000000000000000004 /* Release */,); defaultConfigurationIsVisible = 0; defaultConfigurationName = Release; };
/* End XCConfigurationList section */

    };
    rootObject = 100000000000000000000001 /* Project object */;
}
