// !$*UTF8*$!
{
	archiveVersion = 1;
	classes = {
	};
	objectVersion = 56;
	objects = {

/* Begin PBXBuildFile section */
		12A29C94BB18453EAB70DB36 /* App in Sources */ = {isa = PBXBuildFile; fileRef = 06BCCB7E6935412AA3E0B618 /* App */; };
		46630FE82D614690B701ED9C /* Models in Sources */ = {isa = PBXBuildFile; fileRef = 711979A3B1844C728C4B2E5B /* Models */; };
		F26C5191B4D44F6D93198C51 /* Client in Sources */ = {isa = PBXBuildFile; fileRef = BEFCE258245D4024AFE05C89 /* Client */; };
		9D65AC73274446F1B9D52DB9 /* Content in Sources */ = {isa = PBXBuildFile; fileRef = 65AFBE583A954F4695D5E92D /* Content */; };
		3F5C429CB1A347E8BAE2EF71 /* MTF in Sources */ = {isa = PBXBuildFile; fileRef = 768D5483168041409D305CC9 /* MTF */; };
		9CD70E0B21554D3E9A2705B0 /* Stage in Sources */ = {isa = PBXBuildFile; fileRef = 3C61CA035CEA4C30B8851F21 /* Stage */; };
/* End PBXBuildFile section */

/* Begin PBXFileReference section */
		FD6A0C6054E548C8BF35161D /* OptionAnalyzer.app */ = {isa = PBXFileReference; explicitFileType = wrapper.application; includeInIndex = 0; path = OptionAnalyzer.app; sourceTree = BUILT_PRODUCTS_DIR; };
		A5BCC2C692B846918D38EDDF /* Info.plist */ = {isa = PBXFileReference; fileEncoding = 4; lastKnownFileType = text.plist.xml; path = Info.plist; sourceTree = "<group>"; };
		06BCCB7E6935412AA3E0B618 /* OptionAnalyzerApp.swift */ = {isa = PBXFileReference; fileEncoding = 4; lastKnownFileType = sourcecode.swift; path = OptionAnalyzerApp.swift; sourceTree = "<group>"; };
		711979A3B1844C728C4B2E5B /* Models.swift */ = {isa = PBXFileReference; fileEncoding = 4; lastKnownFileType = sourcecode.swift; path = Models.swift; sourceTree = "<group>"; };
		BEFCE258245D4024AFE05C89 /* OptionAnalyzerAPIClient.swift */ = {isa = PBXFileReference; fileEncoding = 4; lastKnownFileType = sourcecode.swift; path = OptionAnalyzerAPIClient.swift; sourceTree = "<group>"; };
		65AFBE583A954F4695D5E92D /* ContentView.swift */ = {isa = PBXFileReference; fileEncoding = 4; lastKnownFileType = sourcecode.swift; path = ContentView.swift; sourceTree = "<group>"; };
		768D5483168041409D305CC9 /* MTFRow.swift */ = {isa = PBXFileReference; fileEncoding = 4; lastKnownFileType = sourcecode.swift; path = MTFRow.swift; sourceTree = "<group>"; };
		3C61CA035CEA4C30B8851F21 /* StageCard.swift */ = {isa = PBXFileReference; fileEncoding = 4; lastKnownFileType = sourcecode.swift; path = StageCard.swift; sourceTree = "<group>"; };
/* End PBXFileReference section */

/* Begin PBXFrameworksBuildPhase section */
/* End PBXFrameworksBuildPhase section */

/* Begin PBXGroup section */
		D2A2D80A31674AA3BBB49D9F = {isa = PBXGroup; children = (
			06BCCB7E6935412AA3E0B618 /* OptionAnalyzerApp.swift */,
			FBDA6046F8FE4FF7BD635581 /* API */,
			FEDD1B7413B447E88B1ABD20 /* Views */,
			A5BCC2C692B846918D38EDDF /* Info.plist */,
			2A9F1AD9C844459B9A6608F3 /* Products */,
		); sourceTree = "<group>"; };
		FBDA6046F8FE4FF7BD635581 /* API */ = {isa = PBXGroup; children = (711979A3B1844C728C4B2E5B /* Models.swift */, BEFCE258245D4024AFE05C89 /* OptionAnalyzerAPIClient.swift */,); path = API; sourceTree = "<group>"; };
		FEDD1B7413B447E88B1ABD20 /* Views */ = {isa = PBXGroup; children = (65AFBE583A954F4695D5E92D /* ContentView.swift */, 768D5483168041409D305CC9 /* MTFRow.swift */, 3C61CA035CEA4C30B8851F21 /* StageCard.swift */,); path = Views; sourceTree = "<group>"; };
		2A9F1AD9C844459B9A6608F3 /* Products */ = {isa = PBXGroup; children = (FD6A0C6054E548C8BF35161D /* OptionAnalyzer.app */,); name = Products; sourceTree = "<group>"; };
/* End PBXGroup section */

/* Begin PBXNativeTarget section */
		88F988D6EDFF4CFB852DA538 /* OptionAnalyzer */ = {isa = PBXNativeTarget; buildConfigurationList = 294193FD1FB54934B67B368E /* Build configuration list for PBXNativeTarget "OptionAnalyzer" */; buildPhases = (76CDE0D4ED7B4F28867FFA36 /* Sources */, 4330D880C1A6417B96BA2EF0 /* Resources */,); buildRules = (); dependencies = (); name = OptionAnalyzer; productName = OptionAnalyzer; productReference = FD6A0C6054E548C8BF35161D /* OptionAnalyzer.app */; productType = "com.apple.product-type.application"; };
/* End PBXNativeTarget section */

/* Begin PBXProject section */
		365106D7D7D3485998E48469 /* Project object */ = {isa = PBXProject; attributes = {LastUpgradeCheck = 1600; TargetAttributes = { 88F988D6EDFF4CFB852DA538 = { CreatedOnToolsVersion = 16.0; }; }; }; buildConfigurationList = 02A81D5D07514AE39176064C /* Build configuration list for PBXProject "OptionAnalyzer" */; compatibilityVersion = "Xcode 14.0"; developmentRegion = en; hasScannedForEncodings = 0; knownRegions = (en, Base,); mainGroup = D2A2D80A31674AA3BBB49D9F; productRefGroup = 2A9F1AD9C844459B9A6608F3 /* Products */; projectDirPath = ""; projectRoot = ""; targets = (88F988D6EDFF4CFB852DA538 /* OptionAnalyzer */,); };
/* End PBXProject section */

/* Begin PBXResourcesBuildPhase section */
		4330D880C1A6417B96BA2EF0 /* Resources */ = {isa = PBXResourcesBuildPhase; buildActionMask = 2147483647; files = (); runOnlyForDeploymentPostprocessing = 0; };
/* End PBXResourcesBuildPhase section */

/* Begin PBXSourcesBuildPhase section */
		76CDE0D4ED7B4F28867FFA36 /* Sources */ = {isa = PBXSourcesBuildPhase; buildActionMask = 2147483647; files = (12A29C94BB18453EAB70DB36 /* App in Sources */, 46630FE82D614690B701ED9C /* Models in Sources */, F26C5191B4D44F6D93198C51 /* Client in Sources */, 9D65AC73274446F1B9D52DB9 /* Content in Sources */, 3F5C429CB1A347E8BAE2EF71 /* MTF in Sources */, 9CD70E0B21554D3E9A2705B0 /* Stage in Sources */,); runOnlyForDeploymentPostprocessing = 0; };
/* End PBXSourcesBuildPhase section */

/* Begin XCBuildConfiguration section */
		4434503F6DB34128A61188BC /* Debug */ = {isa = XCBuildConfiguration; buildSettings = {
				ALWAYS_SEARCH_USER_PATHS = NO;
				CLANG_ENABLE_MODULES = YES;
				CLANG_ENABLE_OBJC_ARC = YES;
				COPY_PHASE_STRIP = NO;
				DEBUG_INFORMATION_FORMAT = dwarf;
				ENABLE_STRICT_OBJC_MSGSEND = YES;
				GCC_C_LANGUAGE_STANDARD = gnu17;
				GCC_WARN_UNDECLARED_SELECTOR = YES;
				GCC_WARN_UNINITIALIZED_AUTOS = YES;
				GCC_WARN_UNUSED_FUNCTION = YES;
				GCC_WARN_UNUSED_VARIABLE = YES;
				IPHONEOS_DEPLOYMENT_TARGET = 17.0;
				MTL_ENABLE_DEBUG_INFO = INCLUDE_SOURCE;
				SDKROOT = iphoneos;
				SWIFT_VERSION = 5.0;
				SWIFT_OPTIMIZATION_LEVEL = "-Onone";
			}; name = Debug; };
		0A92946F8F254221A897F7AE /* Release */ = {isa = XCBuildConfiguration; buildSettings = {
				ALWAYS_SEARCH_USER_PATHS = NO;
				CLANG_ENABLE_MODULES = YES;
				CLANG_ENABLE_OBJC_ARC = YES;
				COPY_PHASE_STRIP = NO;
				DEBUG_INFORMATION_FORMAT = dwarf;
				ENABLE_STRICT_OBJC_MSGSEND = YES;
				GCC_C_LANGUAGE_STANDARD = gnu17;
				GCC_WARN_UNDECLARED_SELECTOR = YES;
				GCC_WARN_UNINITIALIZED_AUTOS = YES;
				GCC_WARN_UNUSED_FUNCTION = YES;
				GCC_WARN_UNUSED_VARIABLE = YES;
				IPHONEOS_DEPLOYMENT_TARGET = 17.0;
				MTL_ENABLE_DEBUG_INFO = INCLUDE_SOURCE;
				SDKROOT = iphoneos;
				SWIFT_VERSION = 5.0;
				SWIFT_OPTIMIZATION_LEVEL = "-O";
			}; name = Release; };
		5047AE111C2C479B8A2BA647 /* Debug */ = {isa = XCBuildConfiguration; buildSettings = {
				ALWAYS_SEARCH_USER_PATHS = NO;
				CLANG_ENABLE_MODULES = YES;
				CLANG_ENABLE_OBJC_ARC = YES;
				COPY_PHASE_STRIP = NO;
				DEBUG_INFORMATION_FORMAT = dwarf;
				ENABLE_STRICT_OBJC_MSGSEND = YES;
				GCC_C_LANGUAGE_STANDARD = gnu17;
				GCC_WARN_UNDECLARED_SELECTOR = YES;
				GCC_WARN_UNINITIALIZED_AUTOS = YES;
				GCC_WARN_UNUSED_FUNCTION = YES;
				GCC_WARN_UNUSED_VARIABLE = YES;
				IPHONEOS_DEPLOYMENT_TARGET = 17.0;
				MTL_ENABLE_DEBUG_INFO = INCLUDE_SOURCE;
				SDKROOT = iphoneos;
				SWIFT_VERSION = 5.0;
				ASSETCATALOG_COMPILER_APPICON_NAME = AppIcon;
				CODE_SIGN_STYLE = Automatic;
				CURRENT_PROJECT_VERSION = 1;
				DEVELOPMENT_TEAM = "";
				GENERATE_INFOPLIST_FILE = NO;
				INFOPLIST_FILE = Info.plist;
				MARKETING_VERSION = 46.5.24;
				PRODUCT_BUNDLE_IDENTIFIER = com.optionanalyzer.mobile;
				PRODUCT_NAME = "$(TARGET_NAME)";
				TARGETED_DEVICE_FAMILY = "1,2";
				SWIFT_EMIT_LOC_STRINGS = YES;
			}; name = Debug; };
		01077B416B734A34AE017EF9 /* Release */ = {isa = XCBuildConfiguration; buildSettings = {
				ALWAYS_SEARCH_USER_PATHS = NO;
				CLANG_ENABLE_MODULES = YES;
				CLANG_ENABLE_OBJC_ARC = YES;
				COPY_PHASE_STRIP = NO;
				DEBUG_INFORMATION_FORMAT = dwarf;
				ENABLE_STRICT_OBJC_MSGSEND = YES;
				GCC_C_LANGUAGE_STANDARD = gnu17;
				GCC_WARN_UNDECLARED_SELECTOR = YES;
				GCC_WARN_UNINITIALIZED_AUTOS = YES;
				GCC_WARN_UNUSED_FUNCTION = YES;
				GCC_WARN_UNUSED_VARIABLE = YES;
				IPHONEOS_DEPLOYMENT_TARGET = 17.0;
				MTL_ENABLE_DEBUG_INFO = INCLUDE_SOURCE;
				SDKROOT = iphoneos;
				SWIFT_VERSION = 5.0;
				ASSETCATALOG_COMPILER_APPICON_NAME = AppIcon;
				CODE_SIGN_STYLE = Automatic;
				CURRENT_PROJECT_VERSION = 1;
				DEVELOPMENT_TEAM = "";
				GENERATE_INFOPLIST_FILE = NO;
				INFOPLIST_FILE = Info.plist;
				MARKETING_VERSION = 46.5.24;
				PRODUCT_BUNDLE_IDENTIFIER = com.optionanalyzer.mobile;
				PRODUCT_NAME = "$(TARGET_NAME)";
				TARGETED_DEVICE_FAMILY = "1,2";
				SWIFT_EMIT_LOC_STRINGS = YES;
			}; name = Release; };
/* End XCBuildConfiguration section */

/* Begin XCConfigurationList section */
		02A81D5D07514AE39176064C /* Build configuration list for PBXProject "OptionAnalyzer" */ = {isa = XCConfigurationList; buildConfigurations = (4434503F6DB34128A61188BC /* Debug */, 0A92946F8F254221A897F7AE /* Release */,); defaultConfigurationIsVisible = 0; defaultConfigurationName = Release; };
		294193FD1FB54934B67B368E /* Build configuration list for PBXNativeTarget "OptionAnalyzer" */ = {isa = XCConfigurationList; buildConfigurations = (5047AE111C2C479B8A2BA647 /* Debug */, 01077B416B734A34AE017EF9 /* Release */,); defaultConfigurationIsVisible = 0; defaultConfigurationName = Release; };
/* End XCConfigurationList section */

		};
	rootObject = 365106D7D7D3485998E48469 /* Project object */;
}
